// !$*UTF8*$!
{
	archiveVersion = 1;
	classes = {
	};
	objectVersion = 55;
	objects = {

/* Begin PBXBuildFile section */
		AA98F03C2853DA0B00F3855E /* AppDelegate.swift in Sources */ = {isa = PBXBuildFile; fileRef = AA98F03B2853DA0B00F3855E /* AppDelegate.swift */; };
		AA98F03E2853DA0B00F3855E /* SceneDelegate.swift in Sources */ = {isa = PBXBuildFile; fileRef = AA98F03D2853DA0B00F3855E /* SceneDelegate.swift */; };
		AA98F0432853DA0B00F3855E /* Main.storyboard in Resources */ = {isa = PBXBuildFile; fileRef = AA98F0412853DA0B00F3855E /* Main.storyboard */; };
		AA98F0452853DA0D00F3855E /* Assets.xcassets in Resources */ = {isa = PBXBuildFile; fileRef = AA98F0442853DA0D00F3855E /* Assets.xcassets */; };
		AA98F0482853DA0D00F3855E /* LaunchScreen.storyboard in Resources */ = {isa = PBXBuildFile; fileRef = AA98F0462853DA0D00F3855E /* LaunchScreen.storyboard */; };
		AA98F0532853DA0D00F3855E /* LoveYourPetsTests.swift in Sources */ = {isa = PBXBuildFile; fileRef = AA98F0522853DA0D00F3855E /* LoveYourPetsTests.swift */; };
		AA98F05D2853DA0D00F3855E /* LoveYourPetsUITests.swift in Sources */ = {isa = PBXBuildFile; fileRef = AA98F05C2853DA0D00F3855E /* LoveYourPetsUITests.swift */; };
		AA98F05F2853DA0D00F3855E /* LoveYourPetsUITestsLaunchTests.swift in Sources */ = {isa = PBXBuildFile; fileRef = AA98F05E2853DA0D00F3855E /* LoveYourPetsUITestsLaunchTests.swift */; };
		AA98F0752853DADC00F3855E /* SDWebImageSwiftUI in Frameworks */ = {isa = PBXBuildFile; productRef = AA98F0742853DADC00F3855E /* SDWebImageSwiftUI */; };
		AA98F0772853DB8600F3855E /* Constants.swift in Sources */ = {isa = PBXBuildFile; fileRef = AA98F0762853DB8600F3855E /* Constants.swift */; };
		AA98F07B2853DC0500F3855E /* DogRepository.swift in Sources */ = {isa = PBXBuildFile; fileRef = AA98F07A2853DC0500F3855E /* DogRepository.swift */; };
		AA98F07D2853DC2100F3855E /* NetworkManager.swift in Sources */ = {isa = PBXBuildFile; fileRef = AA98F07C2853DC2100F3855E /* NetworkManager.swift */; };
		AA98F07F2853DC3200F3855E /* RequestProtocol.swift in Sources */ = {isa = PBXBuildFile; fileRef = AA98F07E2853DC3200F3855E /* RequestProtocol.swift */; };
		AA98F0812853DC5200F3855E /* ParameterEncoder.swift in Sources */ = {isa = PBXBuildFile; fileRef = AA98F0802853DC5200F3855E /* ParameterEncoder.swift */; };
		AA98F0832853DC8500F3855E /* LystError.swift in Sources */ = {isa = PBXBuildFile; fileRef = AA98F0822853DC8500F3855E /* LystError.swift */; };
		AA98F0852853DDA700F3855E /* HomeViewController.swift in Sources */ = {isa = PBXBuildFile; fileRef = AA98F0842853DDA700F3855E /* HomeViewController.swift */; };
/* End PBXBuildFile section */

/* Begin PBXContainerItemProxy section */
		AA98F04F2853DA0D00F3855E /* PBXContainerItemProxy */ = {
			isa = PBXContainerItemProxy;
			containerPortal = AA98F0302853DA0B00F3855E /* Project object */;
			proxyType = 1;
			remoteGlobalIDString = AA98F0372853DA0B00F3855E;
			remoteInfo = LoveYourPets;
		};
		AA98F0592853DA0D00F3855E /* PBXContainerItemProxy */ = {
			isa = PBXContainerItemProxy;
			containerPortal = AA98F0302853DA0B00F3855E /* Project object */;
			proxyType = 1;
			remoteGlobalIDString = AA98F0372853DA0B00F3855E;
			remoteInfo = LoveYourPets;
		};
/* End PBXContainerItemProxy section */

/* Begin PBXFileReference section */
		AA98F0382853DA0B00F3855E /* LoveYourPets.app */ = {isa = PBXFileReference; explicitFileType = wrapper.application; includeInIndex = 0; path = LoveYourPets.app; sourceTree = BUILT_PRODUCTS_DIR; };
		AA98F03B2853DA0B00F3855E /* AppDelegate.swift */ = {isa = PBXFileReference; lastKnownFileType = sourcecode.swift; path = AppDelegate.swift; sourceTree = "<group>"; };
		AA98F03D2853DA0B00F3855E /* SceneDelegate.swift */ = {isa = PBXFileReference; lastKnownFileType = sourcecode.swift; path = SceneDelegate.swift; sourceTree = "<group>"; };
		AA98F0422853DA0B00F3855E /* Base */ = {isa = PBXFileReference; lastKnownFileType = file.storyboard; name = Base; path = Base.lproj/Main.storyboard; sourceTree = "<group>"; };
		AA98F0442853DA0D00F3855E /* Assets.xcassets */ = {isa = PBXFileReference; lastKnownFileType = folder.assetcatalog; path = Assets.xcassets; sourceTree = "<group>"; };
		AA98F0472853DA0D00F3855E /* Base */ = {isa = PBXFileReference; lastKnownFileType = file.storyboard; name = Base; path = Base.lproj/LaunchScreen.storyboard; sourceTree = "<group>"; };
		AA98F0492853DA0D00F3855E /* Info.plist */ = {isa = PBXFileReference; lastKnownFileType = text.plist.xml; path = Info.plist; sourceTree = "<group>"; };
		AA98F04E2853DA0D00F3855E /* LoveYourPetsTests.xctest */ = {isa = PBXFileReference; explicitFileType = wrapper.cfbundle; includeInIndex = 0; path = LoveYourPetsTests.xctest; sourceTree = BUILT_PRODUCTS_DIR; };
		AA98F0522853DA0D00F3855E /* LoveYourPetsTests.swift */ = {isa = PBXFileReference; lastKnownFileType = sourcecode.swift; path = LoveYourPetsTests.swift; sourceTree = "<group>"; };
		AA98F0582853DA0D00F3855E /* LoveYourPetsUITests.xctest */ = {isa = PBXFileReference; explicitFileType = wrapper.cfbundle; includeInIndex = 0; path = LoveYourPetsUITests.xctest; sourceTree = BUILT_PRODUCTS_DIR; };
		AA98F05C2853DA0D00F3855E /* LoveYourPetsUITests.swift */ = {isa = PBXFileReference; lastKnownFileType = sourcecode.swift; path = LoveYourPetsUITests.swift; sourceTree = "<group>"; };
		AA98F05E2853DA0D00F3855E /* LoveYourPetsUITestsLaunchTests.swift */ = {isa = PBXFileReference; lastKnownFileType = sourcecode.swift; path = LoveYourPetsUITestsLaunchTests.swift; sourceTree = "<group>"; };
		AA98F0762853DB8600F3855E /* Constants.swift */ = {isa = PBXFileReference; lastKnownFileType = sourcecode.swift; path = Constants.swift; sourceTree = "<group>"; };
		AA98F07A2853DC0500F3855E /* DogRepository.swift */ = {isa = PBXFileReference; lastKnownFileType = sourcecode.swift; path = DogRepository.swift; sourceTree = "<group>"; };
		AA98F07C2853DC2100F3855E /* NetworkManager.swift */ = {isa = PBXFileReference; lastKnownFileType = sourcecode.swift; path = NetworkManager.swift; sourceTree = "<group>"; };
		AA98F07E2853DC3200F3855E /* RequestProtocol.swift */ = {isa = PBXFileReference; lastKnownFileType = sourcecode.swift; path = RequestProtocol.swift; sourceTree = "<group>"; };
		AA98F0802853DC5200F3855E /* ParameterEncoder.swift */ = {isa = PBXFileReference; lastKnownFileType = sourcecode.swift; path = ParameterEncoder.swift; sourceTree = "<group>"; };
		AA98F0822853DC8500F3855E /* LystError.swift */ = {isa = PBXFileReference; lastKnownFileType = sourcecode.swift; path = LystError.swift; sourceTree = "<group>"; };
		AA98F0842853DDA700F3855E /* HomeViewController.swift */ = {isa = PBXFileReference; lastKnownFileType = sourcecode.swift; path = HomeViewController.swift; sourceTree = "<group>"; };
/* End PBXFileReference section */

/* Begin PBXFrameworksBuildPhase section */
		AA98F0352853DA0B00F3855E /* Frameworks */ = {
			isa = PBXFrameworksBuildPhase;
			buildActionMask = 2147483647;
			files = (
				AA98F0752853DADC00F3855E /* SDWebImageSwiftUI in Frameworks */,
			);
			runOnlyForDeploymentPostprocessing = 0;
		};
		AA98F04B2853DA0D00F3855E /* Frameworks */ = {
			isa = PBXFrameworksBuildPhase;
			buildActionMask = 2147483647;
			files = (
			);
			runOnlyForDeploymentPostprocessing = 0;
		};
		AA98F0552853DA0D00F3855E /* Frameworks */ = {
			isa = PBXFrameworksBuildPhase;
			buildActionMask = 2147483647;
			files = (
			);
			runOnlyForDeploymentPostprocessing = 0;
		};
/* End PBXFrameworksBuildPhase section */

/* Begin PBXGroup section */
		AA98F02F2853DA0B00F3855E = {
			isa = PBXGroup;
			children = (
				AA98F03A2853DA0B00F3855E /* LoveYourPets */,
				AA98F0512853DA0D00F3855E /* LoveYourPetsTests */,
				AA98F05B2853DA0D00F3855E /* LoveYourPetsUITests */,
				AA98F0392853DA0B00F3855E /* Products */,
			);
			sourceTree = "<group>";
		};
		AA98F0392853DA0B00F3855E /* Products */ = {
			isa = PBXGroup;
			children = (
				AA98F0382853DA0B00F3855E /* LoveYourPets.app */,
				AA98F04E2853DA0D00F3855E /* LoveYourPetsTests.xctest */,
				AA98F0582853DA0D00F3855E /* LoveYourPetsUITests.xctest */,
			);
			name = Products;
			sourceTree = "<group>";
		};
		AA98F03A2853DA0B00F3855E /* LoveYourPets */ = {
			isa = PBXGroup;
			children = (
				AA98F06E2853DA3600F3855E /* Assets */,
				AA98F06F2853DA5500F3855E /* Constants */,
				AA98F0782853DBA500F3855E /* NetworkManager */,
				AA98F06C2853DA2000F3855E /* Controller */,
				AA98F0722853DA6E00F3855E /* Model */,
				AA98F0712853DA6700F3855E /* View */,
				AA98F0702853DA5C00F3855E /* ViewModel */,
				AA98F06D2853DA2B00F3855E /* Storyboards */,
				AA98F06B2853DA1400F3855E /* Delegats */,
				AA98F0492853DA0D00F3855E /* Info.plist */,
			);
			path = LoveYourPets;
			sourceTree = "<group>";
		};
		AA98F0512853DA0D00F3855E /* LoveYourPetsTests */ = {
			isa = PBXGroup;
			children = (
				AA98F0522853DA0D00F3855E /* LoveYourPetsTests.swift */,
			);
			path = LoveYourPetsTests;
			sourceTree = "<group>";
		};
		AA98F05B2853DA0D00F3855E /* LoveYourPetsUITests */ = {
			isa = PBXGroup;
			children = (
				AA98F05C2853DA0D00F3855E /* LoveYourPetsUITests.swift */,
				AA98F05E2853DA0D00F3855E /* LoveYourPetsUITestsLaunchTests.swift */,
			);
			path = LoveYourPetsUITests;
			sourceTree = "<group>";
		};
		AA98F06B2853DA1400F3855E /* Delegats */ = {
			isa = PBXGroup;
			children = (
				AA98F03B2853DA0B00F3855E /* AppDelegate.swift */,
				AA98F03D2853DA0B00F3855E /* SceneDelegate.swift */,
			);
			path = Delegats;
			sourceTree = "<group>";
		};
		AA98F06C2853DA2000F3855E /* Controller */ = {
			isa = PBXGroup;
			children = (
				AA98F0842853DDA700F3855E /* HomeViewController.swift */,
			);
			path = Controller;
			sourceTree = "<group>";
		};
		AA98F06D2853DA2B00F3855E /* Storyboards */ = {
			isa = PBXGroup;
			children = (
				AA98F0412853DA0B00F3855E /* Main.storyboard */,
				AA98F0462853DA0D00F3855E /* LaunchScreen.storyboard */,
			);
			path = Storyboards;
			sourceTree = "<group>";
		};
		AA98F06E2853DA3600F3855E /* Assets */ = {
			isa = PBXGroup;
			children = (
				AA98F0442853DA0D00F3855E /* Assets.xcassets */,
			);
			path = Assets;
			sourceTree = "<group>";
		};
		AA98F06F2853DA5500F3855E /* Constants */ = {
			isa = PBXGroup;
			children = (
				AA98F0762853DB8600F3855E /* Constants.swift */,
			);
			path = Constants;
			sourceTree = "<group>";
		};
		AA98F0702853DA5C00F3855E /* ViewModel */ = {
			isa = PBXGroup;
			children = (
			);
			path = ViewModel;
			sourceTree = "<group>";
		};
		AA98F0712853DA6700F3855E /* View */ = {
			isa = PBXGroup;
			children = (
			);
			path = View;
			sourceTree = "<group>";
		};
		AA98F0722853DA6E00F3855E /* Model */ = {
			isa = PBXGroup;
			children = (
			);
			path = Model;
			sourceTree = "<group>";
		};
		AA98F0782853DBA500F3855E /* NetworkManager */ = {
			isa = PBXGroup;
			children = (
				AA98F0792853DBBB00F3855E /* DogRepository */,
				AA98F07C2853DC2100F3855E /* NetworkManager.swift */,
				AA98F07E2853DC3200F3855E /* RequestProtocol.swift */,
				AA98F0802853DC5200F3855E /* ParameterEncoder.swift */,
				AA98F0822853DC8500F3855E /* LystError.swift */,
			);
			path = NetworkManager;
			sourceTree = "<group>";
		};
		AA98F0792853DBBB00F3855E /* DogRepository */ = {
			isa = PBXGroup;
			children = (
				AA98F07A2853DC0500F3855E /* DogRepository.swift */,
			);
			path = DogRepository;
			sourceTree = "<group>";
		};
/* End PBXGroup section */

/* Begin PBXNativeTarget section */
		AA98F0372853DA0B00F3855E /* LoveYourPets */ = {
			isa = PBXNativeTarget;
			buildConfigurationList = AA98F0622853DA0D00F3855E /* Build configuration list for PBXNativeTarget "LoveYourPets" */;
			buildPhases = (
				AA98F0342853DA0B00F3855E /* Sources */,
				AA98F0352853DA0B00F3855E /* Frameworks */,
				AA98F0362853DA0B00F3855E /* Resources */,
			);
			buildRules = (
			);
			dependencies = (
			);
			name = LoveYourPets;
			packageProductDependencies = (
				AA98F0742853DADC00F3855E /* SDWebImageSwiftUI */,
			);
			productName = LoveYourPets;
			productReference = AA98F0382853DA0B00F3855E /* LoveYourPets.app */;
			productType = "com.apple.product-type.application";
		};
		AA98F04D2853DA0D00F3855E /* LoveYourPetsTests */ = {
			isa = PBXNativeTarget;
			buildConfigurationList = AA98F0652853DA0D00F3855E /* Build configuration list for PBXNativeTarget "LoveYourPetsTests" */;
			buildPhases = (
				AA98F04A2853DA0D00F3855E /* Sources */,
				AA98F04B2853DA0D00F3855E /* Frameworks */,
				AA98F04C2853DA0D00F3855E /* Resources */,
			);
			buildRules = (
			);
			dependencies = (
				AA98F0502853DA0D00F3855E /* PBXTargetDependency */,
			);
			name = LoveYourPetsTests;
			productName = LoveYourPetsTests;
			productReference = AA98F04E2853DA0D00F3855E /* LoveYourPetsTests.xctest */;
			productType = "com.apple.product-type.bundle.unit-test";
		};
		AA98F0572853DA0D00F3855E /* LoveYourPetsUITests */ = {
			isa = PBXNativeTarget;
			buildConfigurationList = AA98F0682853DA0D00F3855E /* Build configuration list for PBXNativeTarget "LoveYourPetsUITests" */;
			buildPhases = (
				AA98F0542853DA0D00F3855E /* Sources */,
				AA98F0552853DA0D00F3855E /* Frameworks */,
				AA98F0562853DA0D00F3855E /* Resources */,
			);
			buildRules = (
			);
			dependencies = (
				AA98F05A2853DA0D00F3855E /* PBXTargetDependency */,
			);
			name = LoveYourPetsUITests;
			productName = LoveYourPetsUITests;
			productReference = AA98F0582853DA0D00F3855E /* LoveYourPetsUITests.xctest */;
			productType = "com.apple.product-type.bundle.ui-testing";
		};
/* End PBXNativeTarget section */

/* Begin PBXProject section */
		AA98F0302853DA0B00F3855E /* Project object */ = {
			isa = PBXProject;
			attributes = {
				BuildIndependentTargetsInParallel = 1;
				LastSwiftUpdateCheck = 1330;
				LastUpgradeCheck = 1330;
				TargetAttributes = {
					AA98F0372853DA0B00F3855E = {
						CreatedOnToolsVersion = 13.3;
					};
					AA98F04D2853DA0D00F3855E = {
						CreatedOnToolsVersion = 13.3;
						TestTargetID = AA98F0372853DA0B00F3855E;
					};
					AA98F0572853DA0D00F3855E = {
						CreatedOnToolsVersion = 13.3;
						TestTargetID = AA98F0372853DA0B00F3855E;
					};
				};
			};
			buildConfigurationList = AA98F0332853DA0B00F3855E /* Build configuration list for PBXProject "LoveYourPets" */;
			compatibilityVersion = "Xcode 13.0";
			developmentRegion = en;
			hasScannedForEncodings = 0;
			knownRegions = (
				en,
				Base,
			);
			mainGroup = AA98F02F2853DA0B00F3855E;
			packageReferences = (
				AA98F0732853DADC00F3855E /* XCRemoteSwiftPackageReference "SDWebImageSwiftUI" */,
			);
			productRefGroup = AA98F0392853DA0B00F3855E /* Products */;
			projectDirPath = "";
			projectRoot = "";
			targets = (
				AA98F0372853DA0B00F3855E /* LoveYourPets */,
				AA98F04D2853DA0D00F3855E /* LoveYourPetsTests */,
				AA98F0572853DA0D00F3855E /* LoveYourPetsUITests */,
			);
		};
/* End PBXProject section */

/* Begin PBXResourcesBuildPhase section */
		AA98F0362853DA0B00F3855E /* Resources */ = {
			isa = PBXResourcesBuildPhase;
			buildActionMask = 2147483647;
			files = (
				AA98F0482853DA0D00F3855E /* LaunchScreen.storyboard in Resources */,
				AA98F0452853DA0D00F3855E /* Assets.xcassets in Resources */,
				AA98F0432853DA0B00F3855E /* Main.storyboard in Resources */,
			);
			runOnlyForDeploymentPostprocessing = 0;
		};
		AA98F04C2853DA0D00F3855E /* Resources */ = {
			isa = PBXResourcesBuildPhase;
			buildActionMask = 2147483647;
			files = (
			);
			runOnlyForDeploymentPostprocessing = 0;
		};
		AA98F0562853DA0D00F3855E /* Resources */ = {
			isa = PBXResourcesBuildPhase;
			buildActionMask = 2147483647;
			files = (
			);
			runOnlyForDeploymentPostprocessing = 0;
		};
/* End PBXResourcesBuildPhase section */

/* Begin PBXSourcesBuildPhase section */
		AA98F0342853DA0B00F3855E /* Sources */ = {
			isa = PBXSourcesBuildPhase;
			buildActionMask = 2147483647;
			files = (
				AA98F0832853DC8500F3855E /* LystError.swift in Sources */,
				AA98F07B2853DC0500F3855E /* DogRepository.swift in Sources */,
				AA98F03C2853DA0B00F3855E /* AppDelegate.swift in Sources */,
				AA98F07D2853DC2100F3855E /* NetworkManager.swift in Sources */,
				AA98F07F2853DC3200F3855E /* RequestProtocol.swift in Sources */,
				AA98F0852853DDA700F3855E /* HomeViewController.swift in Sources */,
				AA98F03E2853DA0B00F3855E /* SceneDelegate.swift in Sources */,
				AA98F0772853DB8600F3855E /* Constants.swift in Sources */,
				AA98F0812853DC5200F3855E /* ParameterEncoder.swift in Sources */,
			);
			runOnlyForDeploymentPostprocessing = 0;
		};
		AA98F04A2853DA0D00F3855E /* Sources */ = {
			isa = PBXSourcesBuildPhase;
			buildActionMask = 2147483647;
			files = (
				AA98F0532853DA0D00F3855E /* LoveYourPetsTests.swift in Sources */,
			);
			runOnlyForDeploymentPostprocessing = 0;
		};
		AA98F0542853DA0D00F3855E /* Sources */ = {
			isa = PBXSourcesBuildPhase;
			buildActionMask = 2147483647;
			files = (
				AA98F05D2853DA0D00F3855E /* LoveYourPetsUITests.swift in Sources */,
				AA98F05F2853DA0D00F3855E /* LoveYourPetsUITestsLaunchTests.swift in Sources */,
			);
			runOnlyForDeploymentPostprocessing = 0;
		};
/* End PBXSourcesBuildPhase section */

/* Begin PBXTargetDependency section */
		AA98F0502853DA0D00F3855E /* PBXTargetDependency */ = {
			isa = PBXTargetDependency;
			target = AA98F0372853DA0B00F3855E /* LoveYourPets */;
			targetProxy = AA98F04F2853DA0D00F3855E /* PBXContainerItemProxy */;
		};
		AA98F05A2853DA0D00F3855E /* PBXTargetDependency */ = {
			isa = PBXTargetDependency;
			target = AA98F0372853DA0B00F3855E /* LoveYourPets */;
			targetProxy = AA98F0592853DA0D00F3855E /* PBXContainerItemProxy */;
		};
/* End PBXTargetDependency section */

/* Begin PBXVariantGroup section */
		AA98F0412853DA0B00F3855E /* Main.storyboard */ = {
			isa = PBXVariantGroup;
			children = (
				AA98F0422853DA0B00F3855E /* Base */,
			);
			name = Main.storyboard;
			sourceTree = "<group>";
		};
		AA98F0462853DA0D00F3855E /* LaunchScreen.storyboard */ = {
			isa = PBXVariantGroup;
			children = (
				AA98F0472853DA0D00F3855E /* Base */,
			);
			name = LaunchScreen.storyboard;
			sourceTree = "<group>";
		};
/* End PBXVariantGroup section */

/* Begin XCBuildConfiguration section */
		AA98F0602853DA0D00F3855E /* Debug */ = {
			isa = XCBuildConfiguration;
			buildSettings = {
				ALWAYS_SEARCH_USER_PATHS = NO;
				CLANG_ANALYZER_NONNULL = YES;
				CLANG_ANALYZER_NUMBER_OBJECT_CONVERSION = YES_AGGRESSIVE;
				CLANG_CXX_LANGUAGE_STANDARD = "gnu++17";
				CLANG_ENABLE_MODULES = YES;
				CLANG_ENABLE_OBJC_ARC = YES;
				CLANG_ENABLE_OBJC_WEAK = YES;
				CLANG_WARN_BLOCK_CAPTURE_AUTORELEASING = YES;
				CLANG_WARN_BOOL_CONVERSION = YES;
				CLANG_WARN_COMMA = YES;
				CLANG_WARN_CONSTANT_CONVERSION = YES;
				CLANG_WARN_DEPRECATED_OBJC_IMPLEMENTATIONS = YES;
				CLANG_WARN_DIRECT_OBJC_ISA_USAGE = YES_ERROR;
				CLANG_WARN_DOCUMENTATION_COMMENTS = YES;
				CLANG_WARN_EMPTY_BODY = YES;
				CLANG_WARN_ENUM_CONVERSION = YES;
				CLANG_WARN_INFINITE_RECURSION = YES;
				CLANG_WARN_INT_CONVERSION = YES;
				CLANG_WARN_NON_LITERAL_NULL_CONVERSION = YES;
				CLANG_WARN_OBJC_IMPLICIT_RETAIN_SELF = YES;
				CLANG_WARN_OBJC_LITERAL_CONVERSION = YES;
				CLANG_WARN_OBJC_ROOT_CLASS = YES_ERROR;
				CLANG_WARN_QUOTED_INCLUDE_IN_FRAMEWORK_HEADER = YES;
				CLANG_WARN_RANGE_LOOP_ANALYSIS = YES;
				CLANG_WARN_STRICT_PROTOTYPES = YES;
				CLANG_WARN_SUSPICIOUS_MOVE = YES;
				CLANG_WARN_UNGUARDED_AVAILABILITY = YES_AGGRESSIVE;
				CLANG_WARN_UNREACHABLE_CODE = YES;
				CLANG_WARN__DUPLICATE_METHOD_MATCH = YES;
				COPY_PHASE_STRIP = NO;
				DEBUG_INFORMATION_FORMAT = dwarf;
				ENABLE_STRICT_OBJC_MSGSEND = YES;
				ENABLE_TESTABILITY = YES;
				GCC_C_LANGUAGE_STANDARD = gnu11;
				GCC_DYNAMIC_NO_PIC = NO;
				GCC_NO_COMMON_BLOCKS = YES;
				GCC_OPTIMIZATION_LEVEL = 0;
				GCC_PREPROCESSOR_DEFINITIONS = (
					"DEBUG=1",
					"$(inherited)",
				);
				GCC_WARN_64_TO_32_BIT_CONVERSION = YES;
				GCC_WARN_ABOUT_RETURN_TYPE = YES_ERROR;
				GCC_WARN_UNDECLARED_SELECTOR = YES;
				GCC_WARN_UNINITIALIZED_AUTOS = YES_AGGRESSIVE;
				GCC_WARN_UNUSED_FUNCTION = YES;
				GCC_WARN_UNUSED_VARIABLE = YES;
				IPHONEOS_DEPLOYMENT_TARGET = 14.0;
				MTL_ENABLE_DEBUG_INFO = INCLUDE_SOURCE;
				MTL_FAST_MATH = YES;
				ONLY_ACTIVE_ARCH = YES;
				SDKROOT = iphoneos;
				SWIFT_ACTIVE_COMPILATION_CONDITIONS = DEBUG;
				SWIFT_OPTIMIZATION_LEVEL = "-Onone";
				SWIFT_VERSION = 5.0;
			};
			name = Debug;
		};
		AA98F0612853DA0D00F3855E /* Release */ = {
			isa = XCBuildConfiguration;
			buildSettings = {
				ALWAYS_SEARCH_USER_PATHS = NO;
				CLANG_ANALYZER_NONNULL = YES;
				CLANG_ANALYZER_NUMBER_OBJECT_CONVERSION = YES_AGGRESSIVE;
				CLANG_CXX_LANGUAGE_STANDARD = "gnu++17";
				CLANG_ENABLE_MODULES = YES;
				CLANG_ENABLE_OBJC_ARC = YES;
				CLANG_ENABLE_OBJC_WEAK = YES;
				CLANG_WARN_BLOCK_CAPTURE_AUTORELEASING = YES;
				CLANG_WARN_BOOL_CONVERSION = YES;
				CLANG_WARN_COMMA = YES;
				CLANG_WARN_CONSTANT_CONVERSION = YES;
				CLANG_WARN_DEPRECATED_OBJC_IMPLEMENTATIONS = YES;
				CLANG_WARN_DIRECT_OBJC_ISA_USAGE = YES_ERROR;
				CLANG_WARN_DOCUMENTATION_COMMENTS = YES;
				CLANG_WARN_EMPTY_BODY = YES;
				CLANG_WARN_ENUM_CONVERSION = YES;
				CLANG_WARN_INFINITE_RECURSION = YES;
				CLANG_WARN_INT_CONVERSION = YES;
				CLANG_WARN_NON_LITERAL_NULL_CONVERSION = YES;
				CLANG_WARN_OBJC_IMPLICIT_RETAIN_SELF = YES;
				CLANG_WARN_OBJC_LITERAL_CONVERSION = YES;
				CLANG_WARN_OBJC_ROOT_CLASS = YES_ERROR;
				CLANG_WARN_QUOTED_INCLUDE_IN_FRAMEWORK_HEADER = YES;
				CLANG_WARN_RANGE_LOOP_ANALYSIS = YES;
				CLANG_WARN_STRICT_PROTOTYPES = YES;
				CLANG_WARN_SUSPICIOUS_MOVE = YES;
				CLANG_WARN_UNGUARDED_AVAILABILITY = YES_AGGRESSIVE;
				CLANG_WARN_UNREACHABLE_CODE = YES;
				CLANG_WARN__DUPLICATE_METHOD_MATCH = YES;
				COPY_PHASE_STRIP = NO;
				DEBUG_INFORMATION_FORMAT = "dwarf-with-dsym";
				ENABLE_NS_ASSERTIONS = NO;
				ENABLE_STRICT_OBJC_MSGSEND = YES;
				GCC_C_LANGUAGE_STANDARD = gnu11;
				GCC_NO_COMMON_BLOCKS = YES;
				GCC_WARN_64_TO_32_BIT_CONVERSION = YES;
				GCC_WARN_ABOUT_RETURN_TYPE = YES_ERROR;
				GCC_WARN_UNDECLARED_SELECTOR = YES;
				GCC_WARN_UNINITIALIZED_AUTOS = YES_AGGRESSIVE;
				GCC_WARN_UNUSED_FUNCTION = YES;
				GCC_WARN_UNUSED_VARIABLE = YES;
				IPHONEOS_DEPLOYMENT_TARGET = 14.0;
				MTL_ENABLE_DEBUG_INFO = NO;
				MTL_FAST_MATH = YES;
				SDKROOT = iphoneos;
				SWIFT_COMPILATION_MODE = wholemodule;
				SWIFT_OPTIMIZATION_LEVEL = "-O";
				SWIFT_VERSION = 5.0;
				VALIDATE_PRODUCT = YES;
			};
			name = Release;
		};
		AA98F0632853DA0D00F3855E /* Debug */ = {
			isa = XCBuildConfiguration;
			buildSettings = {
				ASSETCATALOG_COMPILER_APPICON_NAME = AppIcon;
				ASSETCATALOG_COMPILER_GLOBAL_ACCENT_COLOR_NAME = AccentColor;
				CODE_SIGN_STYLE = Automatic;
				CURRENT_PROJECT_VERSION = 1;
				GENERATE_INFOPLIST_FILE = YES;
				INFOPLIST_FILE = LoveYourPets/Info.plist;
				INFOPLIST_KEY_UIApplicationSupportsIndirectInputEvents = YES;
				INFOPLIST_KEY_UILaunchStoryboardName = LaunchScreen;
				INFOPLIST_KEY_UIMainStoryboardFile = Main;
				INFOPLIST_KEY_UISupportedInterfaceOrientations_iPad = "UIInterfaceOrientationPortrait UIInterfaceOrientationPortraitUpsideDown UIInterfaceOrientationLandscapeLeft UIInterfaceOrientationLandscapeRight";
				INFOPLIST_KEY_UISupportedInterfaceOrientations_iPhone = "UIInterfaceOrientationPortrait UIInterfaceOrientationLandscapeLeft UIInterfaceOrientationLandscapeRight";
				LD_RUNPATH_SEARCH_PATHS = (
					"$(inherited)",
					"@executable_path/Frameworks",
				);
				MARKETING_VERSION = 1.0;
				PRODUCT_BUNDLE_IDENTIFIER = solanki.LoveYourPets;
				PRODUCT_NAME = "$(TARGET_NAME)";
				SWIFT_EMIT_LOC_STRINGS = YES;
				SWIFT_VERSION = 5.0;
				TARGETED_DEVICE_FAMILY = "1,2";
			};
			name = Debug;
		};
		AA98F0642853DA0D00F3855E /* Release */ = {
			isa = XCBuildConfiguration;
			buildSettings = {
				ASSETCATALOG_COMPILER_APPICON_NAME = AppIcon;
				ASSETCATALOG_COMPILER_GLOBAL_ACCENT_COLOR_NAME = AccentColor;
				CODE_SIGN_STYLE = Automatic;
				CURRENT_PROJECT_VERSION = 1;
				GENERATE_INFOPLIST_FILE = YES;
				INFOPLIST_FILE = LoveYourPets/Info.plist;
				INFOPLIST_KEY_UIApplicationSupportsIndirectInputEvents = YES;
				INFOPLIST_KEY_UILaunchStoryboardName = LaunchScreen;
				INFOPLIST_KEY_UIMainStoryboardFile = Main;
				INFOPLIST_KEY_UISupportedInterfaceOrientations_iPad = "UIInterfaceOrientationPortrait UIInterfaceOrientationPortraitUpsideDown UIInterfaceOrientationLandscapeLeft UIInterfaceOrientationLandscapeRight";
				INFOPLIST_KEY_UISupportedInterfaceOrientations_iPhone = "UIInterfaceOrientationPortrait UIInterfaceOrientationLandscapeLeft UIInterfaceOrientationLandscapeRight";
				LD_RUNPATH_SEARCH_PATHS = (
					"$(inherited)",
					"@executable_path/Frameworks",
				);
				MARKETING_VERSION = 1.0;
				PRODUCT_BUNDLE_IDENTIFIER = solanki.LoveYourPets;
				PRODUCT_NAME = "$(TARGET_NAME)";
				SWIFT_EMIT_LOC_STRINGS = YES;
				SWIFT_VERSION = 5.0;
				TARGETED_DEVICE_FAMILY = "1,2";
			};
			name = Release;
		};
		AA98F0662853DA0D00F3855E /* Debug */ = {
			isa = XCBuildConfiguration;
			buildSettings = {
				ALWAYS_EMBED_SWIFT_STANDARD_LIBRARIES = YES;
				BUNDLE_LOADER = "$(TEST_HOST)";
				CODE_SIGN_STYLE = Automatic;
				CURRENT_PROJECT_VERSION = 1;
				GENERATE_INFOPLIST_FILE = YES;
				IPHONEOS_DEPLOYMENT_TARGET = 15.4;
				MARKETING_VERSION = 1.0;
				PRODUCT_BUNDLE_IDENTIFIER = solanki.LoveYourPetsTests;
				PRODUCT_NAME = "$(TARGET_NAME)";
				SWIFT_EMIT_LOC_STRINGS = NO;
				SWIFT_VERSION = 5.0;
				TARGETED_DEVICE_FAMILY = "1,2";
				TEST_HOST = "$(BUILT_PRODUCTS_DIR)/LoveYourPets.app/LoveYourPets";
			};
			name = Debug;
		};
		AA98F0672853DA0D00F3855E /* Release */ = {
			isa = XCBuildConfiguration;
			buildSettings = {
				ALWAYS_EMBED_SWIFT_STANDARD_LIBRARIES = YES;
				BUNDLE_LOADER = "$(TEST_HOST)";
				CODE_SIGN_STYLE = Automatic;
				CURRENT_PROJECT_VERSION = 1;
				GENERATE_INFOPLIST_FILE = YES;
				IPHONEOS_DEPLOYMENT_TARGET = 15.4;
				MARKETING_VERSION = 1.0;
				PRODUCT_BUNDLE_IDENTIFIER = solanki.LoveYourPetsTests;
				PRODUCT_NAME = "$(TARGET_NAME)";
				SWIFT_EMIT_LOC_STRINGS = NO;
				SWIFT_VERSION = 5.0;
				TARGETED_DEVICE_FAMILY = "1,2";
				TEST_HOST = "$(BUILT_PRODUCTS_DIR)/LoveYourPets.app/LoveYourPets";
			};
			name = Release;
		};
		AA98F0692853DA0D00F3855E /* Debug */ = {
			isa = XCBuildConfiguration;
			buildSettings = {
				ALWAYS_EMBED_SWIFT_STANDARD_LIBRARIES = YES;
				CODE_SIGN_STYLE = Automatic;
				CURRENT_PROJECT_VERSION = 1;
				GENERATE_INFOPLIST_FILE = YES;
				MARKETING_VERSION = 1.0;
				PRODUCT_BUNDLE_IDENTIFIER = solanki.LoveYourPetsUITests;
				PRODUCT_NAME = "$(TARGET_NAME)";
				SWIFT_EMIT_LOC_STRINGS = NO;
				SWIFT_VERSION = 5.0;
				TARGETED_DEVICE_FAMILY = "1,2";
				TEST_TARGET_NAME = LoveYourPets;
			};
			name = Debug;
		};
		AA98F06A2853DA0D00F3855E /* Release */ = {
			isa = XCBuildConfiguration;
			buildSettings = {
				ALWAYS_EMBED_SWIFT_STANDARD_LIBRARIES = YES;
				CODE_SIGN_STYLE = Automatic;
				CURRENT_PROJECT_VERSION = 1;
				GENERATE_INFOPLIST_FILE = YES;
				MARKETING_VERSION = 1.0;
				PRODUCT_BUNDLE_IDENTIFIER = solanki.LoveYourPetsUITests;
				PRODUCT_NAME = "$(TARGET_NAME)";
				SWIFT_EMIT_LOC_STRINGS = NO;
				SWIFT_VERSION = 5.0;
				TARGETED_DEVICE_FAMILY = "1,2";
				TEST_TARGET_NAME = LoveYourPets;
			};
			name = Release;
		};
/* End XCBuildConfiguration section */

/* Begin XCConfigurationList section */
		AA98F0332853DA0B00F3855E /* Build configuration list for PBXProject "LoveYourPets" */ = {
			isa = XCConfigurationList;
			buildConfigurations = (
				AA98F0602853DA0D00F3855E /* Debug */,
				AA98F0612853DA0D00F3855E /* Release */,
			);
			defaultConfigurationIsVisible = 0;
			defaultConfigurationName = Release;
		};
		AA98F0622853DA0D00F3855E /* Build configuration list for PBXNativeTarget "LoveYourPets" */ = {
			isa = XCConfigurationList;
			buildConfigurations = (
				AA98F0632853DA0D00F3855E /* Debug */,
				AA98F0642853DA0D00F3855E /* Release */,
			);
			defaultConfigurationIsVisible = 0;
			defaultConfigurationName = Release;
		};
		AA98F0652853DA0D00F3855E /* Build configuration list for PBXNativeTarget "LoveYourPetsTests" */ = {
			isa = XCConfigurationList;
			buildConfigurations = (
				AA98F0662853DA0D00F3855E /* Debug */,
				AA98F0672853DA0D00F3855E /* Release */,
			);
			defaultConfigurationIsVisible = 0;
			defaultConfigurationName = Release;
		};
		AA98F0682853DA0D00F3855E /* Build configuration list for PBXNativeTarget "LoveYourPetsUITests" */ = {
			isa = XCConfigurationList;
			buildConfigurations = (
				AA98F0692853DA0D00F3855E /* Debug */,
				AA98F06A2853DA0D00F3855E /* Release */,
			);
			defaultConfigurationIsVisible = 0;
			defaultConfigurationName = Release;
		};
/* End XCConfigurationList section */

/* Begin XCRemoteSwiftPackageReference section */
		AA98F0732853DADC00F3855E /* XCRemoteSwiftPackageReference "SDWebImageSwiftUI" */ = {
			isa = XCRemoteSwiftPackageReference;
			repositoryURL = "https://github.com/SDWebImage/SDWebImageSwiftUI";
			requirement = {
				branch = master;
				kind = branch;
			};
		};
/* End XCRemoteSwiftPackageReference section */

/* Begin XCSwiftPackageProductDependency section */
		AA98F0742853DADC00F3855E /* SDWebImageSwiftUI */ = {
			isa = XCSwiftPackageProductDependency;
			package = AA98F0732853DADC00F3855E /* XCRemoteSwiftPackageReference "SDWebImageSwiftUI" */;
			productName = SDWebImageSwiftUI;
		};
/* End XCSwiftPackageProductDependency section */
	};
	rootObject = AA98F0302853DA0B00F3855E /* Project object */;
}
